
Microsoft Visual Studio Solution File, Format Version 12.00
Project("{2150E333-8FDC-42A3-9474-1A3956D46DE8}") = "src", "src", "{CD065688-CA24-4489-BF9A-F87008E6CE88}"
EndProject
Project("{2150E333-8FDC-42A3-9474-1A3956D46DE8}") = "tests", "tests", "{F322C847-17C8-47D4-9C17-26729144917C}"
EndProject
Project("{FAE04EC0-301F-11D3-BF4B-00C04F79EFBC}") = "Torello.Domain", "Torello.Domain\Torello.Domain.csproj", "{0963045E-5B8D-46DE-8A0E-EDF8199CB307}"
EndProject
Project("{FAE04EC0-301F-11D3-BF4B-00C04F79EFBC}") = "Torello.Infrastructure", "Torello.Infrastructure\Torello.Infrastructure.csproj", "{D0A08272-D06E-4C0C-8301-D9A7EB3A281E}"
EndProject
Project("{FAE04EC0-301F-11D3-BF4B-00C04F79EFBC}") = "Torello.Application", "Torello.Application\Torello.Application.csproj", "{1E7995C8-A400-4BBC-A07A-5934FAABBEE4}"
EndProject
Project("{FAE04EC0-301F-11D3-BF4B-00C04F79EFBC}") = "Torello.Api", "Torello.Api\Torello.Api.csproj", "{151FB49C-148C-40CE-BDEC-A3A5802D90F6}"
EndProject
Global
	GlobalSection(SolutionConfigurationPlatforms) = preSolution
		Debug|Any CPU = Debug|Any CPU
		Release|Any CPU = Release|Any CPU
	EndGlobalSection
	GlobalSection(NestedProjects) = preSolution
		{0963045E-5B8D-46DE-8A0E-EDF8199CB307} = {CD065688-CA24-4489-BF9A-F87008E6CE88}
		{D0A08272-D06E-4C0C-8301-D9A7EB3A281E} = {CD065688-CA24-4489-BF9A-F87008E6CE88}
		{1E7995C8-A400-4BBC-A07A-5934FAABBEE4} = {CD065688-CA24-4489-BF9A-F87008E6CE88}
		{151FB49C-148C-40CE-BDEC-A3A5802D90F6} = {CD065688-CA24-4489-BF9A-F87008E6CE88}
	EndGlobalSection
	GlobalSection(ProjectConfigurationPlatforms) = postSolution
		{0963045E-5B8D-46DE-8A0E-EDF8199CB307}.Debug|Any CPU.ActiveCfg = Debug|Any CPU
		{0963045E-5B8D-46DE-8A0E-EDF8199CB307}.Debug|Any CPU.Build.0 = Debug|Any CPU
		{0963045E-5B8D-46DE-8A0E-EDF8199CB307}.Release|Any CPU.ActiveCfg = Release|Any CPU
		{0963045E-5B8D-46DE-8A0E-EDF8199CB307}.Release|Any CPU.Build.0 = Release|Any CPU
		{D0A08272-D06E-4C0C-8301-D9A7EB3A281E}.Debug|Any CPU.ActiveCfg = Debug|Any CPU
		{D0A08272-D06E-4C0C-8301-D9A7EB3A281E}.Debug|Any CPU.Build.0 = Debug|Any CPU
		{D0A08272-D06E-4C0C-8301-D9A7EB3A281E}.Release|Any CPU.ActiveCfg = Release|Any CPU
		{D0A08272-D06E-4C0C-8301-D9A7EB3A281E}.Release|Any CPU.Build.0 = Release|Any CPU
		{1E7995C8-A400-4BBC-A07A-5934FAABBEE4}.Debug|Any CPU.ActiveCfg = Debug|Any CPU
		{1E7995C8-A400-4BBC-A07A-5934FAABBEE4}.Debug|Any CPU.Build.0 = Debug|Any CPU
		{1E7995C8-A400-4BBC-A07A-5934FAABBEE4}.Release|Any CPU.ActiveCfg = Release|Any CPU
		{1E7995C8-A400-4BBC-A07A-5934FAABBEE4}.Release|Any CPU.Build.0 = Release|Any CPU
		{151FB49C-148C-40CE-BDEC-A3A5802D90F6}.Debug|Any CPU.ActiveCfg = Debug|Any CPU
		{151FB49C-148C-40CE-BDEC-A3A5802D90F6}.Debug|Any CPU.Build.0 = Debug|Any CPU
		{151FB49C-148C-40CE-BDEC-A3A5802D90F6}.Release|Any CPU.ActiveCfg = Release|Any CPU
		{151FB49C-148C-40CE-BDEC-A3A5802D90F6}.Release|Any CPU.Build.0 = Release|Any CPU
	EndGlobalSection
EndGlobal
